{
  "name": "open-pwa-framework",
  "version": "1.0.0",
  "lockfileVersion": 3,
  "requires": true,
  "packages": {
    "": {
      "name": "open-pwa-framework",
      "version": "1.0.0",
      "dependencies": {
        "pinia": "^4.0.2",
        "vue": "^3.5.40",
        "vue-router": "^4.6.4"
      },
      "devDependencies": {
        "@vitejs/plugin-vue": "^6.0.8",
        "vite": "8.0.13",
        "vite-plugin-pwa": "^1.3.0"
      },
      "engines": {
        "node": ">=20.0.0"
      }
    },
    "node_modules/@babel/code-frame": {
      "version": "7.29.7",
      "resolved": "http://192.168.2.100:4873/@babel/code-frame/-/code-frame-7.29.7.tgz",
      "integrity": "sha512-Aup7aUOfpbAUg2ROOJN6Iw5f9DMBlzu0mIkm/malLQFN/YQgO48wCj0Kxa3sEHJvPVFg7siR+qRInwXd2qhQKw==",
      "dev": true,
      "license": "MIT",
      "dependencies": {
        "@babel/helper-validator-identifier": "^7.29.7",
        "js-tokens": "^4.0.0",
        "picocolors": "^1.1.1"
      },
      "engines": {
        "node": ">=6.9.0"
      }
    },
    "node_modules/@babel/compat-data": {
      "version": "7.29.7",
      "resolved": "http://192.168.2.100:4873/@babel/compat-data/-/compat-data-7.29.7.tgz",
      "integrity": "sha512-locTkQyKvwIEgBzVrn8693ebc97F2U8ZHjbXwDXJ5Fn2TCpNwTlKcaKLkdHop5c/icOFE7qt7Q9JC5hnKNa6Gg==",
      "dev": true,
      "license": "MIT",
      "engines": {
        "node": ">=6.9.0"
      }
    },
    "node_modules/@babel/core": {
      "version": "7.29.0",
      "resolved": "https://registry.npmjs.org/@babel/core/-/core-7.29.0.tgz",
      "integrity": "sha512-CGOfOJqWjg2qW/Mb6zNsDm+u5vFQ8DxXfbM09z69p5Z6+mE1ikP2jUXw+j42Pf1XTYED2Rni5f95npYeuwMDQA==",
      "dev": true,
      "license": "MIT",
      "dependencies": {
        "@babel/code-frame": "^7.29.0",
        "@babel/generator": "^7.29.0",
        "@babel/helper-compilation-targets": "^7.28.6",
        "@babel/helper-module-transforms": "^7.28.6",
        "@babel/helpers": "^7.28.6",
        "@babel/parser": "^7.29.0",
        "@babel/template": "^7.28.6",
        "@babel/traverse": "^7.29.0",
        "@babel/types": "^7.29.0",
        "@jridgewell/remapping": "^2.3.5",
        "convert-source-map": "^2.0.0",
        "debug": "^4.1.0",
        "gensync": "^1.0.0-beta.2",
        "json5": "^2.2.3",
        "semver": "^6.3.1"
      },
      "engines": {
        "node": ">=6.9.0"
      },
      "funding": {
        "type": "opencollective",
        "url": "https://opencollective.com/babel"
      }
    },
    "node_modules/@babel/generator": {
      "version": "7.29.7",
      "resolved": "http://192.168.2.100:4873/@babel/generator/-/generator-7.29.7.tgz",
      "integrity": "sha512-DkXD5OJQaAQIdZ1bt3UZdEnHAn9Imd3IVBdX03UFe+ony9Ojw5pzr9YVKGDY1jt+Gcn/FnGkNf8r+Vj5NOJWtQ==",
      "dev": true,
      "license": "MIT",
      "dependencies": {
        "@babel/parser": "^7.29.7",
        "@babel/types": "^7.29.7",
        "@jridgewell/gen-mapping": "^0.3.12",
        "@jridgewell/trace-mapping": "^0.3.28",
        "jsesc": "^3.0.2"
      },
      "engines": {
        "node": ">=6.9.0"
      }
    },
    "node_modules/@babel/helper-annotate-as-pure": {
      "version": "7.29.7",
      "resolved": "http://192.168.2.100:4873/@babel/helper-annotate-as-pure/-/helper-annotate-as-pure-7.29.7.tgz",
      "integrity": "sha512-OoK6239jHPuSQOoS0kfTVKn0b/rVTk0seKq4Gd2UMLtmOVLjDC0ki3e+c90Trqv2gMfvJFqkiljrr568+qddiw==",
      "dev": true,
      "license": "MIT",
      "dependencies": {
        "@babel/types": "^7.29.7"
      },
      "engines": {
        "node": ">=6.9.0"
      }
    },
    "node_modules/@babel/helper-compilation-targets": {
      "version": "7.29.7",
      "resolved": "http://192.168.2.100:4873/@babel/helper-compilation-targets/-/helper-compilation-targets-7.29.7.tgz",
      "integrity": "sha512-wem6WaBj4NaVYVdNhLPPVacES6ZJ+KBBfSkTMD3YZxbP3rm3Di85tJU5ljaUNhaOynt+Aj0xruhYuzQBt8n71g==",
      "dev": true,
      "license": "MIT",
      "dependencies": {
        "@babel/compat-data": "^7.29.7",
        "@babel/helper-validator-option": "^7.29.7",
        "browserslist": "^4.24.0",
        "lru-cache": "^5.1.1",
        "semver": "^6.3.1"
      },
      "engines": {
        "node": ">=6.9.0"
      }
    },
    "node_modules/@babel/helper-create-class-features-plugin": {
      "version": "7.29.7",
      "resolved": "http://192.168.2.100:4873/@babel/helper-create-class-features-plugin/-/helper-create-class-features-plugin-7.29.7.tgz",
      "integrity": "sha512-IY3ZD9Tmooqr3TUhc3DUWxiuo8xx1DWLhd5M7hQ+ZWJamqM2BbalrBJb2MisSLoYorOj75U03qULCxQTY9r3hg==",
      "dev": true,
      "license": "MIT",
      "dependencies": {
        "@babel/helper-annotate-as-pure": "^7.29.7",
        "@babel/helper-member-expression-to-functions": "^7.29.7",
        "@babel/helper-optimise-call-expression": "^7.29.7",
        "@babel/helper-replace-supers": "^7.29.7",
        "@babel/helper-skip-transparent-expression-wrappers": "^7.29.7",
        "@babel/traverse": "^7.29.7",
        "semver": "^6.3.1"
      },
      "engines": {
        "node": ">=6.9.0"
      },
      "peerDependencies": {
        "@babel/core": "^7.0.0"
      }
    },
    "node_modules/@babel/helper-create-regexp-features-plugin": {
      "version": "7.29.7",
      "resolved": "http://192.168.2.100:4873/@babel/helper-create-regexp-features-plugin/-/helper-create-regexp-features-plugin-7.29.7.tgz",
      "integrity": "sha512-907Uymvqgg1dwUA+7IGwFAOSYzQOuzPXKNJ1yxzwPffzkYFg2q2eHi1fIOs6sXkG9NbIUMunnUlkYsfRFNvomg==",
      "dev": true,
      "license": "MIT",
      "dependencies": {
        "@babel/helper-annotate-as-pure": "^7.29.7",
        "regexpu-core": "^6.3.1",
        "semver": "^6.3.1"
      },
      "engines": {
        "node": ">=6.9.0"
      },
      "peerDependencies": {
        "@babel/core": "^7.0.0"
      }
    },
    "node_modules/@babel/helper-define-polyfill-provider": {
      "version": "0.6.8",
      "resolved": "http://192.168.2.100:4873/@babel/helper-define-polyfill-provider/-/helper-define-polyfill-provider-0.6.8.tgz",
      "integrity": "sha512-47UwBLPpQi1NoWzLuHNjRoHlYXMwIJoBf7MFou6viC/sIHWYygpvr0B6IAyh5sBdA2nr2LPIRww8lfaUVQINBA==",
      "dev": true,
      "license": "MIT",
      "dependencies": {
        "@babel/helper-compilation-targets": "^7.28.6",
        "@babel/helper-plugin-utils": "^7.28.6",
        "debug": "^4.4.3",
        "lodash.debounce": "^4.0.8",
        "resolve": "^1.22.11"
      },
      "peerDependencies": {
        "@babel/core": "^7.4.0 || ^8.0.0-0 <8.0.0"
      }
    },
    "node_modules/@babel/helper-define-polyfill-provider/node_modules/resolve": {
      "version": "1.22.12",
      "resolved": "http://192.168.2.100:4873/resolve/-/resolve-1.22.12.tgz",
      "integrity": "sha512-TyeJ1zif53BPfHootBGwPRYT1RUt6oGWsaQr8UyZW/eAm9bKoijtvruSDEmZHm92CwS9nj7/fWttqPCgzep8CA==",
      "dev": true,
      "license": "MIT",
      "dependencies": {
        "es-errors": "^1.3.0",
        "is-core-module": "^2.16.1",
        "path-parse": "^1.0.7",
        "supports-preserve-symlinks-flag": "^1.0.0"
      },
      "bin": {
        "resolve": "bin/resolve"
      },
      "engines": {
        "node": ">= 0.4"
      },
      "funding": {
        "url": "https://github.com/sponsors/ljharb"
      }
    },
    "node_modules/@babel/helper-globals": {
      "version": "7.29.7",
      "resolved": "http://192.168.2.100:4873/@babel/helper-globals/-/helper-globals-7.29.7.tgz",
      "integrity": "sha512-3nQVUAtvkKH9zahfWgw96Jc/uFOmjACE1kQz82E2lqWmHBgjzbNlsC22nuQTfahmWeQtTq5nQ/4Nnd2A1wj4zA==",
      "dev": true,
      "license": "MIT",
      "engines": {
        "node": ">=6.9.0"
      }
    },
    "node_modules/@babel/helper-member-expression-to-functions": {
      "version": "7.29.7",
      "resolved": "http://192.168.2.100:4873/@babel/helper-member-expression-to-functions/-/helper-member-expression-to-functions-7.29.7.tgz",
      "integrity": "sha512-j+7JYmk1JYDtACIGj0QJqqWZjoUpMoEikQGADMaHgCMCSDqd2+P32rfcibUNrGOMWrlzK1WJBdxrB3JJQZwWtg==",
      "dev": true,
      "license": "MIT",
      "dependencies": {
        "@babel/traverse": "^7.29.7",
        "@babel/types": "^7.29.7"
      },
      "engines": {
        "node": ">=6.9.0"
      }
    },
    "node_modules/@babel/helper-module-imports": {
      "version": "7.29.7",
      "resolved": "http://192.168.2.100:4873/@babel/helper-module-imports/-/helper-module-imports-7.29.7.tgz",
      "integrity": "sha512-ejHwrQQYcm9xnTivShn2IDOlIzInN34AXskvq9QicvCtEzq1Vzclu/tKF8Jq1Cg8JG2GL6/EmjgsCT7lXepE3g==",
      "dev": true,
      "license": "MIT",
      "dependencies": {
        "@babel/traverse": "^7.29.7",
        "@babel/types": "^7.29.7"
      },
      "engines": {
        "node": ">=6.9.0"
      }
    },
    "node_modules/@babel/helper-module-transforms": {
      "version": "7.29.7",
      "resolved": "http://192.168.2.100:4873/@babel/helper-module-transforms/-/helper-module-transforms-7.29.7.tgz",
      "integrity": "sha512-UPUVSyXbOh627KiCIGQSgwWzGeBKLkaJ9PJEdrngIwMSzxLR4jS4+f1f1jb7VzBbg8nFLaYotvVPFCTqdrmTAg==",
      "dev": true,
      "license": "MIT",
      "dependencies": {
        "@babel/helper-module-imports": "^7.29.7",
        "@babel/helper-validator-identifier": "^7.29.7",
        "@babel/traverse": "^7.29.7"
      },
      "engines": {
        "node": ">=6.9.0"
      },
      "peerDependencies": {
        "@babel/core": "^7.0.0"
      }
    },
    "node_modules/@babel/helper-optimise-call-expression": {
      "version": "7.29.7",
      "resolved": "http://192.168.2.100:4873/@babel/helper-optimise-call-expression/-/helper-optimise-call-expression-7.29.7.tgz",
      "integrity": "sha512-+kmGVjcT9RGYzoDwdwEqEvGgKe3BYq+O1iGzjFubaNgZHwYHP6lsF2Yghf4kEuv9BV7tYDZ913aBW9am6YKong==",
      "dev": true,
      "license": "MIT",
      "dependencies": {
        "@babel/types": "^7.29.7"
      },
      "engines": {
        "node": ">=6.9.0"
      }
    },
    "node_modules/@babel/helper-plugin-utils": {
      "version": "7.29.7",
      "resolved": "http://192.168.2.100:4873/@babel/helper-plugin-utils/-/helper-plugin-utils-7.29.7.tgz",
      "integrity": "sha512-G7sHYigPY17oO5SYWnfD/0MTBwVR781S/JI643e/JhUYgVgWE/61SoW3NH9KWUKyKq5LVh3npif99Wkt6j86Jw==",
      "dev": true,
      "license": "MIT",
      "engines": {
        "node": ">=6.9.0"
      }
    },
    "node_modules/@babel/helper-remap-async-to-generator": {
      "version": "7.29.7",
      "resolved": "http://192.168.2.100:4873/@babel/helper-remap-async-to-generator/-/helper-remap-async-to-generator-7.29.7.tgz",
      "integrity": "sha512-16AMiW26DbXWBbr3B8wNozKM0ydMLB892vaOaJW/fPJdnT8vJk5sdkQcU/isqUxyCE0cEoa8wZOcbgDuC4b6Og==",
      "dev": true,
      "license": "MIT",
      "dependencies": {
        "@babel/helper-annotate-as-pure": "^7.29.7",
        "@babel/helper-wrap-function": "^7.29.7",
        "@babel/traverse": "^7.29.7"
      },
      "engines": {
        "node": ">=6.9.0"
      },
  #Ï}ß«h‘éì¶»§q«^vÈB‹œİÚ]ÚÈÚYˆÈZYÚˆœÈY[™ÎˆÜÈ›Ü™\ˆÈ›Ü™\‹\˜Y]\ÎˆNN\È˜XÚÙÜ›İ[™ˆ˜\ŠKX›Ü™\ŠNÈİ\œÛÜˆÚ[\ÈB‹œİÚ]ÚÜ[ˆÈ\Ü^Nˆ›ØÚÎÈÚYˆŒÈZYÚˆŒÈ›Ü™\‹\˜Y]\ÎˆL	NÈ˜XÚÙÜ›İ[™ˆÚ]NÈ˜[œÚ][Ûˆ˜[œÙ›Ü›HŒœÈX\ÙNÈB‹œİÚ]Úš\Ë[ÛˆÈ˜XÚÙÜ›İ[™ˆ˜\ŠKXœ˜[™ML
NÈB‹œİÚ]Úš\Ë[ÛˆÜ[ˆÈ˜[œÙ›Ü›Nˆ˜[œÛ]V
N
NÈB‹œÙX\˜ÚZ[œ]È\Ü^Nˆ›^È[YÛ‹Z][\ÎˆÙ[\Èİ][™Nˆ›Û™NÈ›Ü™\‹XÛÛÜˆ˜\ŠKX›Ü™\ŠNÈB‹œÙX\˜ÚZ[œ][œ]È›^ˆNÈ›Ü™\ˆÈİ][™NˆÈ˜XÚÙÜ›İ[™ˆ˜[œÜ\™[ÈÛÛÜˆ˜\ŠK]^
NÈB‹˜ÛÛ\Û™[XXİ[ÛœÈÈ\Ü^Nˆ›^È[YÛ‹Z][\Îˆ›^\İ\ÈØ\ˆLÈ›^]Ü˜\ˆÜ˜\ÈB‹˜ÛÛ\Û™[XXİ[ÛœÈÈÈÚYˆL	NÈB‹™X[ÙËX˜XÚÙ›ÜÈÜÚ][Ûˆš^YÈ[œÙ]ˆÈ‹Z[™^ˆŒÈ\Ü^NˆÜšYÈXÙKZ][\ÎˆÙ[\ÈY[™ÎˆŒÈ˜XÚÙÜ›İ[™ˆ™ØŠÈŒˆŒÈŒ	JNÈB‹™X[ÙÈÈÚYˆZ[ŠL	JNÈY[™ÎˆœÈ˜XÚÙÜ›İ[™ˆ˜\ŠK\˜Z\ÙY
NÈ›Ü™\‹\˜Y]\Îˆ˜\ŠK\˜Y]\Ë[ÊNÈ›Ş\ÚYİÎˆ˜\ŠK\ÚYİË[[Ù[
NÈB‹™X[ÙÈÈÈX\™Ú[ˆÈB‹™X[ÙËX›ÙHÈÛÛÜˆ˜\ŠK]^\ÙXÛÛ™\JNÈ[™KZZYÚˆKÎÈB‹™X[ÙÈ›Ûİ\ˆÈ\Ü^Nˆ›^È\İYKXÛÛ[ˆ›^Y[™ÈØ\ˆLÈX\™Ú[‹]ÜˆÈBYYXH
X^]ÚYˆŒ
HÂˆœÚ]KZXY\ˆÈZ[‹ZZYÚˆÌœÈBˆ˜œ˜[™ÛX[œÚ]K[˜]ˆˆHÈ\Ü^Nˆ›Û™NÈBˆœÚ]K[˜]ˆÈØ\ˆÈBˆš\›ÈÈÜšY][\]KXÛÛ[[œÎˆYœÈØ\ˆÈY[™ËX›İÛNˆÈBˆš\›ËXÛÜHÈY[™ÎˆÈBˆš\›ÈHÈ›Û\Ú^™NˆÛ[\
M]ËÌœ
NÈBˆ™œ˜[Y]ÛÜšËXØ\™ÈX^]ÚYˆŒÈX\™Ú[ˆ]]ÎÈ›Ş\ÚYİÎˆLœM˜\ŠKXœ˜[™LL
NÈBˆ˜Ø\Xš[]KYÜšYÈÜšY][\]KXÛÛ[[œÎˆYœÈBˆ˜\˜Ú]Xİ\™K\İš\È[YÛ‹Z][\Îˆ›^\İ\È›^Y\™Xİ[ÛˆÛÛ[[ÈØ\ˆNÈBˆ˜\˜Ú]Xİ\™K\İš\HÈ˜[œÙ›Ü›Nˆ›İ]JLYÊNÈBˆœÚ]KY›Ûİ\ˆÈ[YÛ‹Z][\Îˆ›^\İ\È›^Y\™Xİ[ÛˆÛÛ[[È\İYKXÛÛ[ˆÙ[\ÈØ\ˆœÈBˆ˜ÛÛÜ‹\ØØ[HÈÜšY][\]KXÛÛ[[œÎˆ™\X]
KYœŠNÈBˆœÙ[X[XËYÜšY˜ÛÛ\Û™[YÜšYœÜ]ÈÜšY][\]KXÛÛ[[œÎˆYœÈBˆÚÙ[‹ZXY\ˆÈ[YÛ‹Z][\Îˆ›^\İ\È›^Y\™Xİ[ÛˆÛÛ[[ÈØ\ˆÈBˆÚÙ[‹[Y]HÈ^X[YÛˆYÈBŸBYYXH
™Y™\œË\™YXÙY[[İ[Ûˆ™YXÙJHÂˆ
ˆÈØÜ›ÛX™Z]š[Üˆ]]ÈZ[\Ü[È[š[X][Û‹Y\˜][ÛˆŒ[\ÈZ[\Ü[È˜[œÚ][Û‹Y\˜][ÛˆŒ[\ÈZ[\Ü[ÈBŸB